<?xml version="1.0" encoding="utf-8"?>
<Project ToolsVersion="4.0" xmlns="http://schemas.microsoft.com/developer/msbuild/2003">
  <ItemGroup>
    <ClCompile Include="PoseEstimation.cpp">
      <Filter>Source FIles</Filter>
    </ClCompile>
    <ClCompile Include="main.cpp">
      <Filter>Source FIles</Filter>
    </ClCompile>
    <ClCompile Include="ImagingSource.cpp">
      <Filter>Source FIles</Filter>
    </ClCompile>
    <ClCompile Include="CameraDriver.cpp">
      <Filter>Source FIles</Filter>
    </ClCompile>
    <ClCompile Include="CameraCalibration.cpp">
      <Filter>Source FIles</Filter>
    </ClCompile>
  </ItemGroup>
  <ItemGroup>
    <ClInclude Include="CameraCalibration.h">
      <Filter>Header Files</Filter>
    </ClInclude>
    <ClInclude Include="CameraDriver.h">
      <Filter>Header Files</Filter>
    </ClInclude>
    <ClInclude Include="ImagingSource.h">
      <Filter>Header Files</Filter>
    </ClInclude>
    <ClInclude Include="PoseEstimation.h">
      <Filter>Header Files</Filter>
    </ClInclude>
    <ClInclude Include="resource.h">
      <Filter>Header Files</Filter>
    </ClInclude>
  </ItemGroup>
  <ItemGroup>
    <Filter Include="Resource Files">
      <UniqueIdentifier>{737a4840-2cd6-489c-ade4-12ac0f3a0d82}</UniqueIdentifier>
    </Filter>
    <Filter Include="Resource Files\ConfigFiles">
      <UniqueIdentifier>{1aa80766-1393-47d1-ba1a-05e50a9c9a09}</UniqueIdentifier>
    </Filter>
    <Filter Include="Source FIles">
      <UniqueIdentifier>{6df428ea-14c5-429a-bac2-a83c9a1353b2}</UniqueIdentifier>
    </Filter>
    <Filter Include="Header Files">
      <UniqueIdentifier>{fd4cc836-f9df-452c-a549-57389e390670}</UniqueIdentifier>
    </Filter>
  </ItemGroup>
  <ItemGroup>
    <Xml Include="configuration\default.xml">
      <Filter>Resource Files\ConfigFiles</Filter>
    </Xml>
  </ItemGroup>
</Project>